
Microsoft Visual Studio Solution File, Format Version 12.00
# Visual Studio Version 17
VisualStudioVersion = 17.8.34408.163
MinimumVisualStudioVersion = 10.0.40219.1
Project("{FAE04EC0-301F-11D3-BF4B-00C04F79EFBC}") = "CarRentalApp", "CarRentalApp\CarRentalApp.csproj", "{C3201E4F-22DD-4C47-8BC1-4544BEAFEAED}"
EndProject
Global
	GlobalSection(SolutionConfigurationPlatforms) = preSolution
		Debug|Any CPU = Debug|Any CPU
		Release|Any CPU = Release|Any CPU
	EndGlobalSection
	GlobalSection(ProjectConfigurationPlatforms) = postSolution
		{C3201E4F-22DD-4C47-8BC1-4544BEAFEAED}.Debug|Any CPU.ActiveCfg = Debug|Any CPU
		{C3201E4F-22DD-4C47-8BC1-4544BEAFEAED}.Debug|Any CPU.Build.0 = Debug|Any CPU
		{C3201E4F-22DD-4C47-8BC1-4544BEAFEAED}.Release|Any CPU.ActiveCfg = Release|Any CPU
		{C3201E4F-22DD-4C47-8BC1-4544BEAFEAED}.Release|Any CPU.Build.0 = Release|Any CPU
	EndGlobalSection
	GlobalSection(SolutionProperties) = preSolution
		HideSolutionNode = FALSE
	EndGlobalSection
	GlobalSection(ExtensibilityGlobals) = postSolution
		SolutionGuid = {9BA180D2-787C-450D-9F75-3F3397D369E2}
	EndGlobalSection
EndGlobal
